
Microsoft Visual Studio Solution File, Format Version 12.00
# Visual Studio 15
VisualStudioVersion = 15.0.28307.329
MinimumVisualStudioVersion = 10.0.40219.1
Project("{2150E333-8FDC-42A3-9474-1A3956D46DE8}") = "BasicProgramming", "BasicProgramming", "{5CD24718-A612-4250-BD38-6C053E83A644}"
EndProject
Project("{FAE04EC0-301F-11D3-BF4B-00C04F79EFBC}") = "e-maze-in", "e-maze-in\e-maze-in.csproj", "{7ECC6487-B751-4E74-8946-DDD07D2B50F9}"
EndProject
Project("{FAE04EC0-301F-11D3-BF4B-00C04F79EFBC}") = "BricksGame", "BricksGame\BricksGame.csproj", "{F8FA7557-68C0-4CED-AF66-5B447AA03A95}"
EndProject
Project("{FAE04EC0-301F-11D3-BF4B-00C04F79EFBC}") = "StringAnagrams", "StringAnagrams\StringAnagrams.csproj", "{8BDE1AE5-0863-4B78-954B-29E470F618C0}"
EndProject
Project("{FAE04EC0-301F-11D3-BF4B-00C04F79EFBC}") = "BookOfPotionMaking", "BookOfPotionMaking\BookOfPotionMaking.csproj", "{15FC04E2-7748-4249-A8BC-F896D2EDF9FC}"
EndProject
Project("{FAE04EC0-301F-11D3-BF4B-00C04F79EFBC}") = "Duration", "Duration\Duration.csproj", "{A25A8AA9-9DEC-4563-96DF-459731003A1C}"
EndProject
Project("{FAE04EC0-301F-11D3-BF4B-00C04F79EFBC}") = "Ladderophilia", "Ladderophilia\Ladderophilia.csproj", "{C309E1E7-E752-442A-9B20-5D1B7EF012FB}"
EndProject
Global
	GlobalSection(SolutionConfigurationPlatforms) = preSolution
		Debug|Any CPU = Debug|Any CPU
		Release|Any CPU = Release|Any CPU
	EndGlobalSection
	GlobalSection(ProjectConfigurationPlatforms) = postSolution
		{7ECC6487-B751-4E74-8946-DDD07D2B50F9}.Debug|Any CPU.ActiveCfg = Debug|Any CPU
		{7ECC6487-B751-4E74-8946-DDD07D2B50F9}.Debug|Any CPU.Build.0 = Debug|Any CPU
		{7ECC6487-B751-4E74-8946-DDD07D2B50F9}.Release|Any CPU.ActiveCfg = Release|Any CPU
		{7ECC6487-B751-4E74-8946-DDD07D2B50F9}.Release|Any CPU.Build.0 = Release|Any CPU
		{F8FA7557-68C0-4CED-AF66-5B447AA03A95}.Debug|Any CPU.ActiveCfg = Debug|Any CPU
		{F8FA7557-68C0-4CED-AF66-5B447AA03A95}.Debug|Any CPU.Build.0 = Debug|Any CPU
		{F8FA7557-68C0-4CED-AF66-5B447AA03A95}.Release|Any CPU.ActiveCfg = Release|Any CPU
		{F8FA7557-68C0-4CED-AF66-5B447AA03A95}.Release|Any CPU.Build.0 = Release|Any CPU
		{8BDE1AE5-0863-4B78-954B-29E470F618C0}.Debug|Any CPU.ActiveCfg = Debug|Any CPU
		{8BDE1AE5-0863-4B78-954B-29E470F618C0}.Debug|Any CPU.Build.0 = Debug|Any CPU
		{8BDE1AE5-0863-4B78-954B-29E470F618C0}.Release|Any CPU.ActiveCfg = Release|Any CPU
		{8BDE1AE5-0863-4B78-954B-29E470F618C0}.Release|Any CPU.Build.0 = Release|Any CPU
		{15FC04E2-7748-4249-A8BC-F896D2EDF9FC}.Debug|Any CPU.ActiveCfg = Debug|Any CPU
		{15FC04E2-7748-4249-A8BC-F896D2EDF9FC}.Debug|Any CPU.Build.0 = Debug|Any CPU
		{15FC04E2-7748-4249-A8BC-F896D2EDF9FC}.Release|Any CPU.ActiveCfg = Release|Any CPU
		{15FC04E2-7748-4249-A8BC-F896D2EDF9FC}.Release|Any CPU.Build.0 = Release|Any CPU
		{A25A8AA9-9DEC-4563-96DF-459731003A1C}.Debug|Any CPU.ActiveCfg = Debug|Any CPU
		{A25A8AA9-9DEC-4563-96DF-459731003A1C}.Debug|Any CPU.Build.0 = Debug|Any CPU
		{A25A8AA9-9DEC-4563-96DF-459731003A1C}.Release|Any CPU.ActiveCfg = Release|Any CPU
		{A25A8AA9-9DEC-4563-96DF-459731003A1C}.Release|Any CPU.Build.0 = Release|Any CPU
		{C309E1E7-E752-442A-9B20-5D1B7EF012FB}.Debug|Any CPU.ActiveCfg = Debug|Any CPU
		{C309E1E7-E752-442A-9B20-5D1B7EF012FB}.Debug|Any CPU.Build.0 = Debug|Any CPU
		{C309E1E7-E752-442A-9B20-5D1B7EF012FB}.Release|Any CPU.ActiveCfg = Release|Any CPU
		{C309E1E7-E752-442A-9B20-5D1B7EF012FB}.Release|Any CPU.Build.0 = Release|Any CPU
	EndGlobalSection
	GlobalSection(SolutionProperties) = preSolution
		HideSolutionNode = FALSE
	EndGlobalSection
	GlobalSection(NestedProjects) = preSolution
		{7ECC6487-B751-4E74-8946-DDD07D2B50F9} = {5CD24718-A612-4250-BD38-6C053E83A644}
		{F8FA7557-68C0-4CED-AF66-5B447AA03A95} = {5CD24718-A612-4250-BD38-6C053E83A644}
		{8BDE1AE5-0863-4B78-954B-29E470F618C0} = {5CD24718-A612-4250-BD38-6C053E83A644}
		{15FC04E2-7748-4249-A8BC-F896D2EDF9FC} = {5CD24718-A612-4250-BD38-6C053E83A644}
		{A25A8AA9-9DEC-4563-96DF-459731003A1C} = {5CD24718-A612-4250-BD38-6C053E83A644}
		{C309E1E7-E752-442A-9B20-5D1B7EF012FB} = {5CD24718-A612-4250-BD38-6C053E83A644}
	EndGlobalSection
	GlobalSection(ExtensibilityGlobals) = postSolution
		SolutionGuid = {DF4DAD84-793C-4178-B13B-C14B4699B750}
	EndGlobalSection
EndGlobal
